
Microsoft Visual Studio Solution File, Format Version 12.00
# Visual Studio Version 16
VisualStudioVersion = 16.0.33927.289
MinimumVisualStudioVersion = 10.0.40219.1
Project("{2150E333-8FDC-42A3-9474-1A3956D46DE8}") = "Task0", "Task0", "{FD6952B1-0606-4EB7-9023-42DA30F2E72B}"
EndProject
Project("{FAE04EC0-301F-11D3-BF4B-00C04F79EFBC}") = "Tyuiu.MolodykhVY.Sprint0.Task0.V0", "Tyuiu.MolodykhVY.Sprint0.Task0.V0\Tyuiu.MolodykhVY.Sprint0.Task0.V0.csproj", "{B36A98B3-5474-48D8-B8A8-AB3F293684BC}"
EndProject
Project("{2150E333-8FDC-42A3-9474-1A3956D46DE8}") = "Task1", "Task1", "{92B229F6-9F7B-47B5-AD4F-4F284000962E}"
EndProject
Project("{FAE04EC0-301F-11D3-BF4B-00C04F79EFBC}") = "Tyuiu.MolodykhVY.Sprint0.Task1.V0", "Tyuiu.MolodykhVY.Sprint0.Task1.V0\Tyuiu.MolodykhVY.Sprint0.Task1.V0.csproj", "{8159D010-0E20-4C31-A3F5-8F6A7E115B5A}"
EndProject
Project("{2150E333-8FDC-42A3-9474-1A3956D46DE8}") = "Task2", "Task2", "{894A240C-0CE4-465A-A3DE-B1C915C99F39}"
EndProject
Project("{FAE04EC0-301F-11D3-BF4B-00C04F79EFBC}") = "Tyuiu.MolodykhVY.Sprint0.Task2.V0", "Tyuiu.MolodykhVY.Sprint0.Task2.V0\Tyuiu.MolodykhVY.Sprint0.Task2.V0.csproj", "{B762D296-C171-4D4A-9BA0-2F00F823800C}"
EndProject
Project("{FAE04EC0-301F-11D3-BF4B-00C04F79EFBC}") = "Tyuiu.MolodykhVY.Sprint0.Task2.V0.Lib", "Tyuiu.MolodykhVY.Sprint0.Task2.V0.Lib\Tyuiu.MolodykhVY.Sprint0.Task2.V0.Lib.csproj", "{9B0E7000-CD0C-47F1-8A4A-416F6FE5F952}"
EndProject
Project("{FAE04EC0-301F-11D3-BF4B-00C04F79EFBC}") = "Tyuiu.MolodykhVY.Sprint0.Task2.V0.Test", "Tyuiu.MolodykhVY.Sprint0.Task2.V0.Test\Tyuiu.MolodykhVY.Sprint0.Task2.V0.Test.csproj", "{BB46271E-9D2B-416A-9D7F-57FC889632E1}"
EndProject
Project("{2150E333-8FDC-42A3-9474-1A3956D46DE8}") = "Task3", "Task3", "{1121AD66-7E70-4FE9-8030-EEBF69989F8C}"
EndProject
Project("{FAE04EC0-301F-11D3-BF4B-00C04F79EFBC}") = "Tyuiu.MolodykhVY.Sprint0.Task3.V0.Test", "Tyuiu.MolodykhVY.Sprint0.Task3.V0.Test\Tyuiu.MolodykhVY.Sprint0.Task3.V0.Test.csproj", "{8BF866E9-1419-4865-A1B1-D4E9B145E31E}"
EndProject
Project("{FAE04EC0-301F-11D3-BF4B-00C04F79EFBC}") = "Tyuiu.MolodykhVY.Sprint0.Task3.V0.Lib", "Tyuiu.MolodykhVY.Sprint0.Task3.V0.Lib\Tyuiu.MolodykhVY.Sprint0.Task3.V0.Lib.csproj", "{BBD9B84E-0212-45F9-9C6C-1175CDA4F297}"
EndProject
Project("{FAE04EC0-301F-11D3-BF4B-00C04F79EFBC}") = "Tyuiu.MolodykhVY.Sprint0.Task3.V0", "Tyuiu.MolodykhVY.Sprint0.Task3.V0\Tyuiu.MolodykhVY.Sprint0.Task3.V0.csproj", "{B26091E4-EEE9-40B3-AF9B-5E97FBB1C890}"
EndProject
Project("{2150E333-8FDC-42A3-9474-1A3956D46DE8}") = "Task4", "Task4", "{2BC55B43-E046-4DEA-88C9-6F91B5528A4A}"
EndProject
Project("{FAE04EC0-301F-11D3-BF4B-00C04F79EFBC}") = "Tyuiu.MolodykhVY.Sprint0.Task4.V0", "Tyuiu.MolodykhVY.Sprint0.Task4.V0.\Tyuiu.MolodykhVY.Sprint0.Task4.V0.csproj", "{7DB3CF3D-23C9-45B2-BB9D-F97E4CEA3056}"
EndProject
Project("{FAE04EC0-301F-11D3-BF4B-00C04F79EFBC}") = "Tyuiu.MolodykhVY.Sprint0.Task4.V0.Test", "Tyuiu.MolodykhVY.Sprint0.Task4.V0.Test\Tyuiu.MolodykhVY.Sprint0.Task4.V0.Test.csproj", "{9E83681C-56F7-46AC-B6EF-33B97E8EE690}"
EndProject
Project("{FAE04EC0-301F-11D3-BF4B-00C04F79EFBC}") = "Tyuiu.MolodykhVY.Sprint0.Task4.V0.Lib", "Tyuiu.MolodykhVY.Sprint0.Task4.V0.Lib\Tyuiu.MolodykhVY.Sprint0.Task4.V0.Lib.csproj", "{527361BC-CDAE-4588-9FD0-18AD9A849095}"
EndProject
Project("{2150E333-8FDC-42A3-9474-1A3956D46DE8}") = "Task5", "Task5", "{87B832EE-0F2E-44A9-9742-E87BD9541742}"
EndProject
Project("{FAE04EC0-301F-11D3-BF4B-00C04F79EFBC}") = "Tyuiu.MolodykhVY.Sprint0.Task5.V0.Lib", "Tyuiu.MolodykhVY.Sprint0.Task5.V0.Lib\Tyuiu.MolodykhVY.Sprint0.Task5.V0.Lib.csproj", "{2D590C19-8691-4A42-AD4B-4F122E462C68}"
EndProject
Project("{FAE04EC0-301F-11D3-BF4B-00C04F79EFBC}") = "Tyuiu.MolodykhVY.Sprint0.Task5.V0.Test", "Tyuiu.MolodykhVY.Sprint0.Task5.V0.Test\Tyuiu.MolodykhVY.Sprint0.Task5.V0.Test.csproj", "{76E0BA7D-BA74-4027-9EF0-A5EA7451C060}"
EndProject
Project("{FAE04EC0-301F-11D3-BF4B-00C04F79EFBC}") = "Tyuiu.MolodykhVY.Sprint0.Task5.V0", "Tyuiu.MolodykhVY.Sprint0.Task5.V0\Tyuiu.MolodykhVY.Sprint0.Task5.V0.csproj", "{D25A5B59-98BA-4037-B768-47C573F5C35E}"
EndProject
Project("{2150E333-8FDC-42A3-9474-1A3956D46DE8}") = "Task6", "Task6", "{DCA73E62-6072-4898-81A5-9F96D4DAB69E}"
EndProject
Project("{FAE04EC0-301F-11D3-BF4B-00C04F79EFBC}") = "Tyuiu.MolodykhVY.Sprint0.Task6.V0", "Tyuiu.MolodykhVY.Sprint0.Task6.V0\Tyuiu.MolodykhVY.Sprint0.Task6.V0.csproj", "{CED6F1BC-8909-42AA-B12E-E8C87D396DBA}"
EndProject
Project("{FAE04EC0-301F-11D3-BF4B-00C04F79EFBC}") = "Tyuiu.MolodykhVY.Sprint0.Task6.V0.Test", "Tyuiu.MolodykhVY.Sprint0.Task6.V0.Test\Tyuiu.MolodykhVY.Sprint0.Task6.V0.Test.csproj", "{528DD14F-C1AD-4189-949C-DF0B84D94C2B}"
EndProject
Project("{FAE04EC0-301F-11D3-BF4B-00C04F79EFBC}") = "Tyuiu.MolodykhVY.Sprint0.Task6.V0.Lib", "Tyuiu.MolodykhVY.Sprint0.Task6.V0.Lib\Tyuiu.MolodykhVY.Sprint0.Task6.V0.Lib.csproj", "{C605DC07-7FC2-4C1A-8351-6712D302F5D3}"
EndProject
Global
	GlobalSection(SolutionConfigurationPlatforms) = preSolution
		Debug|Any CPU = Debug|Any CPU
		Release|Any CPU = Release|Any CPU
	EndGlobalSection
	GlobalSection(ProjectConfigurationPlatforms) = postSolution
		{B36A98B3-5474-48D8-B8A8-AB3F293684BC}.Debug|Any CPU.ActiveCfg = Debug|Any CPU
		{B36A98B3-5474-48D8-B8A8-AB3F293684BC}.Debug|Any CPU.Build.0 = Debug|Any CPU
		{B36A98B3-5474-48D8-B8A8-AB3F293684BC}.Release|Any CPU.ActiveCfg = Release|Any CPU
		{B36A98B3-5474-48D8-B8A8-AB3F293684BC}.Release|Any CPU.Build.0 = Release|Any CPU
		{8159D010-0E20-4C31-A3F5-8F6A7E115B5A}.Debug|Any CPU.ActiveCfg = Debug|Any CPU
		{8159D010-0E20-4C31-A3F5-8F6A7E115B5A}.Debug|Any CPU.Build.0 = Debug|Any CPU
		{8159D010-0E20-4C31-A3F5-8F6A7E115B5A}.Release|Any CPU.ActiveCfg = Release|Any CPU
		{8159D010-0E20-4C31-A3F5-8F6A7E115B5A}.Release|Any CPU.Build.0 = Release|Any CPU
		{B762D296-C171-4D4A-9BA0-2F00F823800C}.Debug|Any CPU.ActiveCfg = Debug|Any CPU
		{B762D296-C171-4D4A-9BA0-2F00F823800C}.Debug|Any CPU.Build.0 = Debug|Any CPU
		{B762D296-C171-4D4A-9BA0-2F00F823800C}.Release|Any CPU.ActiveCfg = Release|Any CPU
		{B762D296-C171-4D4A-9BA0-2F00F823800C}.Release|Any CPU.Build.0 = Release|Any CPU
		{9B0E7000-CD0C-47F1-8A4A-416F6FE5F952}.Debug|Any CPU.ActiveCfg = Debug|Any CPU
		{9B0E7000-CD0C-47F1-8A4A-416F6FE5F952}.Debug|Any CPU.Build.0 = Debug|Any CPU
		{9B0E7000-CD0C-47F1-8A4A-416F6FE5F952}.Release|Any CPU.ActiveCfg = Release|Any CPU
		{9B0E7000-CD0C-47F1-8A4A-416F6FE5F952}.Release|Any CPU.Build.0 = Release|Any CPU
		{BB46271E-9D2B-416A-9D7F-57FC889632E1}.Debug|Any CPU.ActiveCfg = Debug|Any CPU
		{BB46271E-9D2B-416A-9D7F-57FC889632E1}.Debug|Any CPU.Build.0 = Debug|Any CPU
		{BB46271E-9D2B-416A-9D7F-57FC889632E1}.Release|Any CPU.ActiveCfg = Release|Any CPU
		{BB46271E-9D2B-416A-9D7F-57FC889632E1}.Release|Any CPU.Build.0 = Release|Any CPU
		{8BF866E9-1419-4865-A1B1-D4E9B145E31E}.Debug|Any CPU.ActiveCfg = Debug|Any CPU
		{8BF866E9-1419-4865-A1B1-D4E9B145E31E}.Debug|Any CPU.Build.0 = Debug|Any CPU
		{8BF866E9-1419-4865-A1B1-D4E9B145E31E}.Release|Any CPU.ActiveCfg = Release|Any CPU
		{8BF866E9-1419-4865-A1B1-D4E9B145E31E}.Release|Any CPU.Build.0 = Release|Any CPU
		{BBD9B84E-0212-45F9-9C6C-1175CDA4F297}.Debug|Any CPU.ActiveCfg = Debug|Any CPU
		{BBD9B84E-0212-45F9-9C6C-1175CDA4F297}.Debug|Any CPU.Build.0 = Debug|Any CPU
		{BBD9B84E-0212-45F9-9C6C-1175CDA4F297}.Release|Any CPU.ActiveCfg = Release|Any CPU
		{BBD9B84E-0212-45F9-9C6C-1175CDA4F297}.Release|Any CPU.Build.0 = Release|Any CPU
		{B26091E4-EEE9-40B3-AF9B-5E97FBB1C890}.Debug|Any CPU.ActiveCfg = Debug|Any CPU
		{B26091E4-EEE9-40B3-AF9B-5E97FBB1C890}.Debug|Any CPU.Build.0 = Debug|Any CPU
		{B26091E4-EEE9-40B3-AF9B-5E97FBB1C890}.Release|Any CPU.ActiveCfg = Release|Any CPU
		{B26091E4-EEE9-40B3-AF9B-5E97FBB1C890}.Release|Any CPU.Build.0 = Release|Any CPU
		{7DB3CF3D-23C9-45B2-BB9D-F97E4CEA3056}.Debug|Any CPU.ActiveCfg = Debug|Any CPU
		{7DB3CF3D-23C9-45B2-BB9D-F97E4CEA3056}.Debug|Any CPU.Build.0 = Debug|Any CPU
		{7DB3CF3D-23C9-45B2-BB9D-F97E4CEA3056}.Release|Any CPU.ActiveCfg = Release|Any CPU
		{7DB3CF3D-23C9-45B2-BB9D-F97E4CEA3056}.Release|Any CPU.Build.0 = Release|Any CPU
		{9E83681C-56F7-46AC-B6EF-33B97E8EE690}.Debug|Any CPU.ActiveCfg = Debug|Any CPU
		{9E83681C-56F7-46AC-B6EF-33B97E8EE690}.Debug|Any CPU.Build.0 = Debug|Any CPU
		{9E83681C-56F7-46AC-B6EF-33B97E8EE690}.Release|Any CPU.ActiveCfg = Release|Any CPU
		{9E83681C-56F7-46AC-B6EF-33B97E8EE690}.Release|Any CPU.Build.0 = Release|Any CPU
		{527361BC-CDAE-4588-9FD0-18AD9A849095}.Debug|Any CPU.ActiveCfg = Debug|Any CPU
		{527361BC-CDAE-4588-9FD0-18AD9A849095}.Debug|Any CPU.Build.0 = Debug|Any CPU
		{527361BC-CDAE-4588-9FD0-18AD9A849095}.Release|Any CPU.ActiveCfg = Release|Any CPU
		{527361BC-CDAE-4588-9FD0-18AD9A849095}.Release|Any CPU.Build.0 = Release|Any CPU
		{2D590C19-8691-4A42-AD4B-4F122E462C68}.Debug|Any CPU.ActiveCfg = Debug|Any CPU
		{2D590C19-8691-4A42-AD4B-4F122E462C68}.Debug|Any CPU.Build.0 = Debug|Any CPU
		{2D590C19-8691-4A42-AD4B-4F122E462C68}.Release|Any CPU.ActiveCfg = Release|Any CPU
		{2D590C19-8691-4A42-AD4B-4F122E462C68}.Release|Any CPU.Build.0 = Release|Any CPU
		{76E0BA7D-BA74-4027-9EF0-A5EA7451C060}.Debug|Any CPU.ActiveCfg = Debug|Any CPU
		{76E0BA7D-BA74-4027-9EF0-A5EA7451C060}.Debug|Any CPU.Build.0 = Debug|Any CPU
		{76E0BA7D-BA74-4027-9EF0-A5EA7451C060}.Release|Any CPU.ActiveCfg = Release|Any CPU
		{76E0BA7D-BA74-4027-9EF0-A5EA7451C060}.Release|Any CPU.Build.0 = Release|Any CPU
		{D25A5B59-98BA-4037-B768-47C573F5C35E}.Debug|Any CPU.ActiveCfg = Debug|Any CPU
		{D25A5B59-98BA-4037-B768-47C573F5C35E}.Debug|Any CPU.Build.0 = Debug|Any CPU
		{D25A5B59-98BA-4037-B768-47C573F5C35E}.Release|Any CPU.ActiveCfg = Release|Any CPU
		{D25A5B59-98BA-4037-B768-47C573F5C35E}.Release|Any CPU.Build.0 = Release|Any CPU
		{CED6F1BC-8909-42AA-B12E-E8C87D396DBA}.Debug|Any CPU.ActiveCfg = Debug|Any CPU
		{CED6F1BC-8909-42AA-B12E-E8C87D396DBA}.Debug|Any CPU.Build.0 = Debug|Any CPU
		{CED6F1BC-8909-42AA-B12E-E8C87D396DBA}.Release|Any CPU.ActiveCfg = Release|Any CPU
		{CED6F1BC-8909-42AA-B12E-E8C87D396DBA}.Release|Any CPU.Build.0 = Release|Any CPU
		{528DD14F-C1AD-4189-949C-DF0B84D94C2B}.Debug|Any CPU.ActiveCfg = Debug|Any CPU
		{528DD14F-C1AD-4189-949C-DF0B84D94C2B}.Debug|Any CPU.Build.0 = Debug|Any CPU
		{528DD14F-C1AD-4189-949C-DF0B84D94C2B}.Release|Any CPU.ActiveCfg = Release|Any CPU
		{528DD14F-C1AD-4189-949C-DF0B84D94C2B}.Release|Any CPU.Build.0 = Release|Any CPU
		{C605DC07-7FC2-4C1A-8351-6712D302F5D3}.Debug|Any CPU.ActiveCfg = Debug|Any CPU
		{C605DC07-7FC2-4C1A-8351-6712D302F5D3}.Debug|Any CPU.Build.0 = Debug|Any CPU
		{C605DC07-7FC2-4C1A-8351-6712D302F5D3}.Release|Any CPU.ActiveCfg = Release|Any CPU
		{C605DC07-7FC2-4C1A-8351-6712D302F5D3}.Release|Any CPU.Build.0 = Release|Any CPU
	EndGlobalSection
	GlobalSection(SolutionProperties) = preSolution
		HideSolutionNode = FALSE
	EndGlobalSection
	GlobalSection(NestedProjects) = preSolution
		{B36A98B3-5474-48D8-B8A8-AB3F293684BC} = {FD6952B1-0606-4EB7-9023-42DA30F2E72B}
		{8159D010-0E20-4C31-A3F5-8F6A7E115B5A} = {92B229F6-9F7B-47B5-AD4F-4F284000962E}
		{B762D296-C171-4D4A-9BA0-2F00F823800C} = {894A240C-0CE4-465A-A3DE-B1C915C99F39}
		{9B0E7000-CD0C-47F1-8A4A-416F6FE5F952} = {894A240C-0CE4-465A-A3DE-B1C915C99F39}
		{BB46271E-9D2B-416A-9D7F-57FC889632E1} = {894A240C-0CE4-465A-A3DE-B1C915C99F39}
		{8BF866E9-1419-4865-A1B1-D4E9B145E31E} = {1121AD66-7E70-4FE9-8030-EEBF69989F8C}
		{BBD9B84E-0212-45F9-9C6C-1175CDA4F297} = {1121AD66-7E70-4FE9-8030-EEBF69989F8C}
		{B26091E4-EEE9-40B3-AF9B-5E97FBB1C890} = {1121AD66-7E70-4FE9-8030-EEBF69989F8C}
		{7DB3CF3D-23C9-45B2-BB9D-F97E4CEA3056} = {2BC55B43-E046-4DEA-88C9-6F91B5528A4A}
		{9E83681C-56F7-46AC-B6EF-33B97E8EE690} = {2BC55B43-E046-4DEA-88C9-6F91B5528A4A}
		{527361BC-CDAE-4588-9FD0-18AD9A849095} = {2BC55B43-E046-4DEA-88C9-6F91B5528A4A}
		{2D590C19-8691-4A42-AD4B-4F122E462C68} = {87B832EE-0F2E-44A9-9742-E87BD9541742}
		{76E0BA7D-BA74-4027-9EF0-A5EA7451C060} = {87B832EE-0F2E-44A9-9742-E87BD9541742}
		{D25A5B59-98BA-4037-B768-47C573F5C35E} = {87B832EE-0F2E-44A9-9742-E87BD9541742}
		{CED6F1BC-8909-42AA-B12E-E8C87D396DBA} = {DCA73E62-6072-4898-81A5-9F96D4DAB69E}
		{528DD14F-C1AD-4189-949C-DF0B84D94C2B} = {DCA73E62-6072-4898-81A5-9F96D4DAB69E}
		{C605DC07-7FC2-4C1A-8351-6712D302F5D3} = {DCA73E62-6072-4898-81A5-9F96D4DAB69E}
	EndGlobalSection
	GlobalSection(ExtensibilityGlobals) = postSolution
		SolutionGuid = {629A39F6-C202-4572-9071-548C61F51BE7}
	EndGlobalSection
EndGlobal
