
Microsoft Visual Studio Solution File, Format Version 12.00
# Visual Studio Version 16
VisualStudioVersion = 16.0.33927.289
MinimumVisualStudioVersion = 10.0.40219.1
Project("{2150E333-8FDC-42A3-9474-1A3956D46DE8}") = "Task0", "Task0", "{FD6952B1-0606-4EB7-9023-42DA30F2E72B}"
EndProject
Project("{FAE04EC0-301F-11D3-BF4B-00C04F79EFBC}") = "Tyuiu.MolodykhVY.Sprint0.Task0.V0", "Tyuiu.MolodykhVY.Sprint0.Task0.V0\Tyuiu.MolodykhVY.Sprint0.Task0.V0.csproj", "{B36A98B3-5474-48D8-B8A8-AB3F293684BC}"
EndProject
Project("{2150E333-8FDC-42A3-9474-1A3956D46DE8}") = "Task1", "Task1", "{92B229F6-9F7B-47B5-AD4F-4F284000962E}"
EndProject
Project("{FAE04EC0-301F-11D3-BF4B-00C04F79EFBC}") = "Tyuiu.MolodykhVY.Sprint0.Task1.V0", "Tyuiu.MolodykhVY.Sprint0.Task1.V0\Tyuiu.MolodykhVY.Sprint0.Task1.V0.csproj", "{8159D010-0E20-4C31-A3F5-8F6A7E115B5A}"
EndProject
Project("{2150E333-8FDC-42A3-9474-1A3956D46DE8}") = "Task2", "Task2", "{894A240C-0CE4-465A-A3DE-B1C915C99F39}"
EndProject
Project("{FAE04EC0-301F-11D3-BF4B-00C04F79EFBC}") = "Tyuiu.MolodykhVY.Sprint0.Task2.V0", "Tyuiu.MolodykhVY.Sprint0.Task2.V0\Tyuiu.MolodykhVY.Sprint0.Task2.V0.csproj", "{B762D296-C171-4D4A-9BA0-2F00F823800C}"
EndProject
Project("{FAE04EC0-301F-11D3-BF4B-00C04F79EFBC}") = "Tyuiu.MolodykhVY.Sprint0.Task2.V0.Lib", "Tyuiu.MolodykhVY.Sprint0.Task2.V0.Lib\Tyuiu.MolodykhVY.Sprint0.Task2.V0.Lib.csproj", "{9B0E7000-CD0C-47F1-8A4A-416F6FE5F952}"
EndProject
Project("{FAE04EC0-301F-11D3-BF4B-00C04F79EFBC}") = "Tyuiu.MolodykhVY.Sprint0.Task2.V0.Test", "Tyuiu.MolodykhVY.Sprint0.Task2.V0.Test\Tyuiu.MolodykhVY.Sprint0.Task2.V0.Test.csproj", "{BB46271E-9D2B-416A-9D7F-57FC889632E1}"
EndProject
Project("{2150E333-8FDC-42A3-9474-1A3956D46DE8}") = "Task3", "Task3", "{1121AD66-7E70-4FE9-8030-EEBF69989F8C}"
EndProject
Project("{FAE04EC0-301F-11D3-BF4B-00C04F79EFBC}") = "Tyuiu.MolodykhVY.Sprint0.Task3.V0.Test", "Tyuiu.MolodykhVY.Sprint0.Task3.V0.Test\Tyuiu.MolodykhVY.Sprint0.Task3.V0.Test.csproj", "{8BF866E9-1419-4865-A1B1-D4E9B145E31E}"
EndProject
Project("{FAE04EC0-301F-11D3-BF4B-00C04F79EFBC}") = "Tyuiu.MolodykhVY.Sprint0.Task3.V0.Lib", "Tyuiu.MolodykhVY.Sprint0.Task3.V0.Lib\Tyuiu.MolodykhVY.Sprint0.Task3.V0.Lib.csproj", "{BBD9B84E-0212-45F9-9C6C-1175CDA4F297}"
EndProject
Project("{FAE04EC0-301F-11D3-BF4B-00C04F79EFBC}") = "Tyuiu.MolodykhVY.Sprint0.Task3.V0", "Tyuiu.MolodykhVY.Sprint0.Task3.V0\Tyuiu.MolodykhVY.Sprint0.Task3.V0.csproj", "{B26091E4-EEE9-40B3-AF9B-5E97FBB1C890}"
EndProject
Global
	GlobalSection(SolutionConfigurationPlatforms) = preSolution
		Debug|Any CPU = Debug|Any CPU
		Release|Any CPU = Release|Any CPU
	EndGlobalSection
	GlobalSection(ProjectConfigurationPlatforms) = postSolution
		{B36A98B3-5474-48D8-B8A8-AB3F293684BC}.Debug|Any CPU.ActiveCfg = Debug|Any CPU
		{B36A98B3-5474-48D8-B8A8-AB3F293684BC}.Debug|Any CPU.Build.0 = Debug|Any CPU
		{B36A98B3-5474-48D8-B8A8-AB3F293684BC}.Release|Any CPU.ActiveCfg = Release|Any CPU
		{B36A98B3-5474-48D8-B8A8-AB3F293684BC}.Release|Any CPU.Build.0 = Release|Any CPU
		{8159D010-0E20-4C31-A3F5-8F6A7E115B5A}.Debug|Any CPU.ActiveCfg = Debug|Any CPU
		{8159D010-0E20-4C31-A3F5-8F6A7E115B5A}.Debug|Any CPU.Build.0 = Debug|Any CPU
		{8159D010-0E20-4C31-A3F5-8F6A7E115B5A}.Release|Any CPU.ActiveCfg = Release|Any CPU
		{8159D010-0E20-4C31-A3F5-8F6A7E115B5A}.Release|Any CPU.Build.0 = Release|Any CPU
		{B762D296-C171-4D4A-9BA0-2F00F823800C}.Debug|Any CPU.ActiveCfg = Debug|Any CPU
		{B762D296-C171-4D4A-9BA0-2F00F823800C}.Debug|Any CPU.Build.0 = Debug|Any CPU
		{B762D296-C171-4D4A-9BA0-2F00F823800C}.Release|Any CPU.ActiveCfg = Release|Any CPU
		{B762D296-C171-4D4A-9BA0-2F00F823800C}.Release|Any CPU.Build.0 = Release|Any CPU
		{9B0E7000-CD0C-47F1-8A4A-416F6FE5F952}.Debug|Any CPU.ActiveCfg = Debug|Any CPU
		{9B0E7000-CD0C-47F1-8A4A-416F6FE5F952}.Debug|Any CPU.Build.0 = Debug|Any CPU
		{9B0E7000-CD0C-47F1-8A4A-416F6FE5F952}.Release|Any CPU.ActiveCfg = Release|Any CPU
		{9B0E7000-CD0C-47F1-8A4A-416F6FE5F952}.Release|Any CPU.Build.0 = Release|Any CPU
		{BB46271E-9D2B-416A-9D7F-57FC889632E1}.Debug|Any CPU.ActiveCfg = Debug|Any CPU
		{BB46271E-9D2B-416A-9D7F-57FC889632E1}.Debug|Any CPU.Build.0 = Debug|Any CPU
		{BB46271E-9D2B-416A-9D7F-57FC889632E1}.Release|Any CPU.ActiveCfg = Release|Any CPU
		{BB46271E-9D2B-416A-9D7F-57FC889632E1}.Release|Any CPU.Build.0 = Release|Any CPU
		{8BF866E9-1419-4865-A1B1-D4E9B145E31E}.Debug|Any CPU.ActiveCfg = Debug|Any CPU
		{8BF866E9-1419-4865-A1B1-D4E9B145E31E}.Debug|Any CPU.Build.0 = Debug|Any CPU
		{8BF866E9-1419-4865-A1B1-D4E9B145E31E}.Release|Any CPU.ActiveCfg = Release|Any CPU
		{8BF866E9-1419-4865-A1B1-D4E9B145E31E}.Release|Any CPU.Build.0 = Release|Any CPU
		{BBD9B84E-0212-45F9-9C6C-1175CDA4F297}.Debug|Any CPU.ActiveCfg = Debug|Any CPU
		{BBD9B84E-0212-45F9-9C6C-1175CDA4F297}.Debug|Any CPU.Build.0 = Debug|Any CPU
		{BBD9B84E-0212-45F9-9C6C-1175CDA4F297}.Release|Any CPU.ActiveCfg = Release|Any CPU
		{BBD9B84E-0212-45F9-9C6C-1175CDA4F297}.Release|Any CPU.Build.0 = Release|Any CPU
		{B26091E4-EEE9-40B3-AF9B-5E97FBB1C890}.Debug|Any CPU.ActiveCfg = Debug|Any CPU
		{B26091E4-EEE9-40B3-AF9B-5E97FBB1C890}.Debug|Any CPU.Build.0 = Debug|Any CPU
		{B26091E4-EEE9-40B3-AF9B-5E97FBB1C890}.Release|Any CPU.ActiveCfg = Release|Any CPU
		{B26091E4-EEE9-40B3-AF9B-5E97FBB1C890}.Release|Any CPU.Build.0 = Release|Any CPU
	EndGlobalSection
	GlobalSection(SolutionProperties) = preSolution
		HideSolutionNode = FALSE
	EndGlobalSection
	GlobalSection(NestedProjects) = preSolution
		{B36A98B3-5474-48D8-B8A8-AB3F293684BC} = {FD6952B1-0606-4EB7-9023-42DA30F2E72B}
		{8159D010-0E20-4C31-A3F5-8F6A7E115B5A} = {92B229F6-9F7B-47B5-AD4F-4F284000962E}
		{B762D296-C171-4D4A-9BA0-2F00F823800C} = {894A240C-0CE4-465A-A3DE-B1C915C99F39}
		{9B0E7000-CD0C-47F1-8A4A-416F6FE5F952} = {894A240C-0CE4-465A-A3DE-B1C915C99F39}
		{BB46271E-9D2B-416A-9D7F-57FC889632E1} = {894A240C-0CE4-465A-A3DE-B1C915C99F39}
		{8BF866E9-1419-4865-A1B1-D4E9B145E31E} = {1121AD66-7E70-4FE9-8030-EEBF69989F8C}
		{BBD9B84E-0212-45F9-9C6C-1175CDA4F297} = {1121AD66-7E70-4FE9-8030-EEBF69989F8C}
		{B26091E4-EEE9-40B3-AF9B-5E97FBB1C890} = {1121AD66-7E70-4FE9-8030-EEBF69989F8C}
	EndGlobalSection
	GlobalSection(ExtensibilityGlobals) = postSolution
		SolutionGuid = {629A39F6-C202-4572-9071-548C61F51BE7}
	EndGlobalSection
EndGlobal
